
Microsoft Visual Studio Solution File, Format Version 12.00
# Visual Studio Version 16
VisualStudioVersion = 16.0.31729.503
MinimumVisualStudioVersion = 10.0.40219.1
Project("{FAE04EC0-301F-11D3-BF4B-00C04F79EFBC}") = "BookHouse", "BookHouse.csproj", "{B0B767B4-AF28-4D69-9137-2C6F24B7BA51}"
EndProject
Project("{FAE04EC0-301F-11D3-BF4B-00C04F79EFBC}") = "DatabaseIO", "..\DatabaseIO\DatabaseIO.csproj", "{433B6E1C-3763-4D39-A7AF-D40163F7D13E}"
EndProject
Project("{FAE04EC0-301F-11D3-BF4B-00C04F79EFBC}") = "DatabaseProvider", "..\DatabaseProvider\DatabaseProvider.csproj", "{93239334-B996-4CBF-BCB0-014A6E07689F}"
EndProject
Global
	GlobalSection(SolutionConfigurationPlatforms) = preSolution
		Debug|Any CPU = Debug|Any CPU
		Release|Any CPU = Release|Any CPU
	EndGlobalSection
	GlobalSection(ProjectConfigurationPlatforms) = postSolution
		{B0B767B4-AF28-4D69-9137-2C6F24B7BA51}.Debug|Any CPU.ActiveCfg = Debug|Any CPU
		{B0B767B4-AF28-4D69-9137-2C6F24B7BA51}.Debug|Any CPU.Build.0 = Debug|Any CPU
		{B0B767B4-AF28-4D69-9137-2C6F24B7BA51}.Release|Any CPU.ActiveCfg = Release|Any CPU
		{B0B767B4-AF28-4D69-9137-2C6F24B7BA51}.Release|Any CPU.Build.0 = Release|Any CPU
		{433B6E1C-3763-4D39-A7AF-D40163F7D13E}.Debug|Any CPU.ActiveCfg = Debug|Any CPU
		{433B6E1C-3763-4D39-A7AF-D40163F7D13E}.Debug|Any CPU.Build.0 = Debug|Any CPU
		{433B6E1C-3763-4D39-A7AF-D40163F7D13E}.Release|Any CPU.ActiveCfg = Release|Any CPU
		{433B6E1C-3763-4D39-A7AF-D40163F7D13E}.Release|Any CPU.Build.0 = Release|Any CPU
		{93239334-B996-4CBF-BCB0-014A6E07689F}.Debug|Any CPU.ActiveCfg = Debug|Any CPU
		{93239334-B996-4CBF-BCB0-014A6E07689F}.Debug|Any CPU.Build.0 = Debug|Any CPU
		{93239334-B996-4CBF-BCB0-014A6E07689F}.Release|Any CPU.ActiveCfg = Release|Any CPU
		{93239334-B996-4CBF-BCB0-014A6E07689F}.Release|Any CPU.Build.0 = Release|Any CPU
	EndGlobalSection
	GlobalSection(SolutionProperties) = preSolution
		HideSolutionNode = FALSE
	EndGlobalSection
	GlobalSection(ExtensibilityGlobals) = postSolution
		SolutionGuid = {D7F727D8-437D-4465-A9DD-97E035259475}
	EndGlobalSection
EndGlobal
